
Microsoft Visual Studio Solution File, Format Version 12.00
# Visual Studio Version 16
VisualStudioVersion = 16.0.29503.13
MinimumVisualStudioVersion = 10.0.40219.1
Project("{FAE04EC0-301F-11D3-BF4B-00C04F79EFBC}") = "Lab1", "Lab1\Lab1.csproj", "{9C319D0E-4293-47FB-8305-DFC640C24B9F}"
EndProject
Global
	GlobalSection(SolutionConfigurationPlatforms) = preSolution
		Debug|Any CPU = Debug|Any CPU
		Release|Any CPU = Release|Any CPU
	EndGlobalSection
	GlobalSection(ProjectConfigurationPlatforms) = postSolution
		{9C319D0E-4293-47FB-8305-DFC640C24B9F}.Debug|Any CPU.ActiveCfg = Debug|Any CPU
		{9C319D0E-4293-47FB-8305-DFC640C24B9F}.Debug|Any CPU.Build.0 = Debug|Any CPU
		{9C319D0E-4293-47FB-8305-DFC640C24B9F}.Release|Any CPU.ActiveCfg = Release|Any CPU
		{9C319D0E-4293-47FB-8305-DFC640C24B9F}.Release|Any CPU.Build.0 = Release|Any CPU
	EndGlobalSection
	GlobalSection(SolutionProperties) = preSolution
		HideSolutionNode = FALSE
	EndGlobalSection
	GlobalSection(ExtensibilityGlobals) = postSolution
		SolutionGuid = {BF8A06F3-D8AC-426E-AB90-AEED4C87737D}
	EndGlobalSection
EndGlobal
